
Microsoft Visual Studio Solution File, Format Version 12.00
Project("{FAE04EC0-301F-11D3-BF4B-00C04F79EFBC}") = "Graph", "Graph\Graph.csproj", "{24BACC64-2D96-45DD-B219-4218AB1236F2}"
EndProject
Project("{FAE04EC0-301F-11D3-BF4B-00C04F79EFBC}") = "prueba de grafo", "prueba de grafo\prueba de grafo.csproj", "{AA289D6D-4FFF-4E6B-8B63-25510BA949C2}"
EndProject
Global
	GlobalSection(SolutionConfigurationPlatforms) = preSolution
		Debug|Any CPU = Debug|Any CPU
		Release|Any CPU = Release|Any CPU
	EndGlobalSection
	GlobalSection(ProjectConfigurationPlatforms) = postSolution
		{24BACC64-2D96-45DD-B219-4218AB1236F2}.Debug|Any CPU.ActiveCfg = Debug|Any CPU
		{24BACC64-2D96-45DD-B219-4218AB1236F2}.Debug|Any CPU.Build.0 = Debug|Any CPU
		{24BACC64-2D96-45DD-B219-4218AB1236F2}.Release|Any CPU.ActiveCfg = Release|Any CPU
		{24BACC64-2D96-45DD-B219-4218AB1236F2}.Release|Any CPU.Build.0 = Release|Any CPU
		{AA289D6D-4FFF-4E6B-8B63-25510BA949C2}.Debug|Any CPU.ActiveCfg = Debug|Any CPU
		{AA289D6D-4FFF-4E6B-8B63-25510BA949C2}.Debug|Any CPU.Build.0 = Debug|Any CPU
		{AA289D6D-4FFF-4E6B-8B63-25510BA949C2}.Release|Any CPU.ActiveCfg = Release|Any CPU
		{AA289D6D-4FFF-4E6B-8B63-25510BA949C2}.Release|Any CPU.Build.0 = Release|Any CPU
	EndGlobalSection
EndGlobal
